// !$*UTF8*$!
{
	archiveVersion = 1;
	classes = {
	};
	objectVersion = 50;
	objects = {

/* Begin PBXBuildFile section */
		EFA248FF2466FBE900E86AE9 /* AppDelegate.swift in Sources */ = {isa = PBXBuildFile; fileRef = EFA248FE2466FBE900E86AE9 /* AppDelegate.swift */; };
		EFA249012466FBE900E86AE9 /* SceneDelegate.swift in Sources */ = {isa = PBXBuildFile; fileRef = EFA249002466FBE900E86AE9 /* SceneDelegate.swift */; };
		EFA249032466FBE900E86AE9 /* ContentView.swift in Sources */ = {isa = PBXBuildFile; fileRef = EFA249022466FBE900E86AE9 /* ContentView.swift */; };
		EFA249052466FBEA00E86AE9 /* Assets.xcassets in Resources */ = {isa = PBXBuildFile; fileRef = EFA249042466FBEA00E86AE9 /* Assets.xcassets */; };
		EFA249082466FBEA00E86AE9 /* Preview Assets.xcassets in Resources */ = {isa = PBXBuildFile; fileRef = EFA249072466FBEA00E86AE9 /* Preview Assets.xcassets */; };
		EFA2490B2466FBEA00E86AE9 /* LaunchScreen.storyboard in Resources */ = {isa = PBXBuildFile; fileRef = EFA249092466FBEA00E86AE9 /* LaunchScreen.storyboard */; };
/* End PBXBuildFile section */

/* Begin PBXFileReference section */
		EFA248FB2466FBE900E86AE9 /* khatma.app */ = {isa = PBXFileReference; explicitFileType = wrapper.application; includeInIndex = 0; path = khatma.app; sourceTree = BUILT_PRODUCTS_DIR; };
		EFA248FE2466FBE900E86AE9 /* AppDelegate.swift */ = {isa = PBXFileReference; lastKnownFileType = sourcecode.swift; path = AppDelegate.swift; sourceTree = "<group>"; };
		EFA249002466FBE900E86AE9 /* SceneDelegate.swift */ = {isa = PBXFileReference; lastKnownFileType = sourcecode.swift; path = SceneDelegate.swift; sourceTree = "<group>"; };
		EFA249022466FBE900E86AE9 /* ContentView.swift */ = {isa = PBXFileReference; lastKnownFileType = sourcecode.swift; path = ContentView.swift; sourceTree = "<group>"; };
		EFA249042466FBEA00E86AE9 /* Assets.xcassets */ = {isa = PBXFileReference; lastKnownFileType = folder.assetcatalog; path = Assets.xcassets; sourceTree = "<group>"; };
		EFA249072466FBEA00E86AE9 /* Preview Assets.xcassets */ = {isa = PBXFileReference; lastKnownFileType = folder.assetcatalog; path = "Preview Assets.xcassets"; sourceTree = "<group>"; };
		EFA2490A2466FBEA00E86AE9 /* Base */ = {isa = PBXFileReference; lastKnownFileType = file.storyboard; name = Base; path = Base.lproj/LaunchScreen.storyboard; sourceTree = "<group>"; };
		EFA2490C2466FBEA00E86AE9 /* Info.plist */ = {isa = PBXFileReference; lastKnownFileType = text.plist.xml; path = Info.plist; sourceTree = "<group>"; };
/* End PBXFileReference section */

/* Begin PBXFrameworksBuildPhase section */
		EFA248F82466FBE900E86AE9 /* Frameworks */ = {
			isa = PBXFrameworksBuildPhase;
			buildActionMask = 2147483647;
			files = (
			);
			runOnlyForDeploymentPostprocessing = 0;
		};
/* End PBXFrameworksBuildPhase section */

/* Begin PBXGroup section */
		EFA248F22466FBE900E86AE9 = {
			isa = PBXGroup;
			children = (
				EFA248FD2466FBE900E86AE9 /* khatma */,
				EFA248FC2466FBE900E86AE9 /* Products */,
			);
			sourceTree = "<group>";
		};
		EFA248FC2466FBE900E86AE9 /* Products */ = {
			isa = PBXGroup;
			children = (
				EFA248FB2466FBE900E86AE9 /* khatma.app */,
			);
			name = Products;
			sourceTree = "<group>";
		};
		EFA248FD2466FBE900E86AE9 /* khatma */ = {
			isa = PBXGroup;
			children = (
				EFA248FE2466FBE900E86AE9 /* AppDelegate.swift */,
				EFA249002466FBE900E86AE9 /* SceneDelegate.swift */,
				EFA249022466FBE900E86AE9 /* ContentView.swift */,
				EFA249042466FBEA00E86AE9 /* Assets.xcassets */,
				EFA249092466FBEA00E86AE9 /* LaunchScreen.storyboard */,
				EFA2490C2466FBEA00E86AE9 /* Info.plist */,
				EFA249062466FBEA00E86AE9 /* Preview Content */,
			);
			path = khatma;
			sourceTree = "<group>";
		};
		EFA249062466FBEA00E86AE9 /* Preview Content */ = {
			isa = PBXGroup;
			children = (
				EFA249072466FBEA00E86AE9 /* Preview Assets.xcassets */,
			);
			path = "Preview Content";
			sourceTree = "<group>";
		};
/* End PBXGroup section */

/* Begin PBXNativeTarget section */
		EFA248FA2466FBE900E86AE9 /* khatma */ = {
			isa = PBXNativeTarget;
			buildConfigurationList = EFA2490F2466FBEA00E86AE9 /* Build configuration list for PBXNativeTarget "khatma" */;
			buildPhases = (
				EFA248F72466FBE900E86AE9 /* Sources */,
				EFA248F82466FBE900E86AE9 /* Frameworks */,
				EFA248F92466FBE900E86AE9 /* Resources */,
			);
			buildRules = (
			);
			dependencies = (
			);
			name = khatma;
			productName = khatma;
			productReference = EFA248FB2466FBE900E86AE9 /* khatma.app */;
			productType = "com.apple.product-type.application";
		};
/* End PBXNativeTarget section */

/* Begin PBXProject section */
		EFA248F32466FBE900E86AE9 /* Project object */ = {
			isa = PBXProject;
			attributes = {
				LastSwiftUpdateCheck = 1140;
				LastUpgradeCheck = 1140;
				ORGANIZATIONNAME = "Bader Alsabah";
				TargetAttributes = {
					EFA248FA2466FBE900E86AE9 = {
						CreatedOnToolsVersion = 11.4.1;
					};
				};
			};
			buildConfigurationList = EFA248F62466FBE900E86AE9 /* Build configuration list for PBXProject "khatma" */;
			compatibilityVersion = "Xcode 9.3";
			developmentRegion = en;
			hasScannedForEncodings = 0;
			knownRegions = (
				en,
				Base,
			);
			mainGroup = EFA248F22466FBE900E86AE9;
			productRefGroup = EFA248FC2466FBE900E86AE9 /* Products */;
			projectDirPath = "";
			projectRoot = "";
			targets = (
				EFA248FA2466FBE900E86AE9 /* khatma */,
			);
		};
/* End PBXProject section */

/* Begin PBXResourcesBuildPhase section */
		EFA248F92466FBE900E86AE9 /* Resources */ = {
			isa = PBXResourcesBuildPhase;
			buildActionMask = 2147483647;
			files = (
				EFA2490B2466FBEA00E86AE9 /* LaunchScreen.storyboard in Resources */,
				EFA249082466FBEA00E86AE9 /* Preview Assets.xcassets in Resources */,
				EFA249052466FBEA00E86AE9 /* Assets.xcassets in Resources */,
			);
			runOnlyForDeploymentPostprocessing = 0;
		};
/* End PBXResourcesBuildPhase section */

/* Begin PBXSourcesBuildPhase section */
		EFA248F72466FBE900E86AE9 /* Sources */ = {
			isa = PBXSourcesBuildPhase;
			buildActionMask = 2147483647;
			files = (
				EFA248FF2466FBE900E86AE9 /* AppDelegate.swift in Sources */,
				EFA249012466FBE900E86AE9 /* SceneDelegate.swift in Sources */,
				EFA249032466FBE900E86AE9 /* ContentView.swift in Sources */,
			);
			runOnlyForDeploymentPostprocessing = 0;
		};
/* End PBXSourcesBuildPhase section */

/* Begin PBXVariantGroup section */
		EFA249092466FBEA00E86AE9 /* LaunchScreen.storyboard */ = {
			isa = PBXVariantGroup;
			children = (
				EFA2490A2466FBEA00E86AE9 /* Base */,
			);
			name = LaunchScreen.storyboard;
			sourceTree = "<group>";
		};
/* End PBXVariantGroup section */

/* Begin XCBuildConfiguration section */
		EFA2490D2466FBEA00E86AE9 /* Debug */ = {
			isa = XCBuildConfiguration;
			buildSettings = {
				ALWAYS_SEARCH_USER_PATHS = NO;
				CLANG_ANALYZER_NONNULL = YES;
				CLANG_ANALYZER_NUMBER_OBJECT_CONVERSION = YES_AGGRESSIVE;
				CLANG_CXX_LANGUAGE_STANDARD = "gnu++14";
				CLANG_CXX_LIBRARY = "libc++";
				CLANG_ENABLE_MODULES = YES;
				CLANG_ENABLE_OBJC_ARC = YES;
				CLANG_ENABLE_OBJC_WEAK = YES;
				CLANG_WARN_BLOCK_CAPTURE_AUTORELEASING = YES;
				CLANG_WARN_BOOL_CONVERSION = YES;
				CLANG_WARN_COMMA = YES;
				CLANG_WARN_CONSTANT_CONVERSION = YES;
				CLANG_WARN_DEPRECATED_OBJC_IMPLEMENTATIONS = YES;
				CLANG_WARN_DIRECT_OBJC_ISA_USAGE = YES_ERROR;
				CLANG_WARN_DOCUMENTATION_COMMENTS = YES;
				CLANG_WARN_EMPTY_BODY = YES;
				CLANG_WARN_ENUM_CONVERSION = YES;
				CLANG_WARN_INFINITE_RECURSION = YES;
				CLANG_WARN_INT_CONVERSION = YES;
				CLANG_WARN_NON_LITERAL_NULL_CONVERSION = YES;
				CLANG_WARN_OBJC_IMPLICIT_RETAIN_SELF = YES;
				CLANG_WARN_OBJC_LITERAL_CONVERSION = YES;
				CLANG_WARN_OBJC_ROOT_CLASS = YES_ERROR;
				CLANG_WARN_RANGE_LOOP_ANALYSIS = YES;
				CLANG_WARN_STRICT_PROTOTYPES = YES;
				CLANG_WARN_SUSPICIOUS_MOVE = YES;
				CLANG_WARN_UNGUARDED_AVAILABILITY = YES_AGGRESSIVE;
				CLANG_WARN_UNREACHABLE_CODE = YES;
				CLANG_WARN__DUPLICATE_METHOD_MATCH = YES;
				COPY_PHASE_STRIP = NO;
				DEBUG_INFORMATION_FORMAT = dwarf;
				ENABLE_STRICT_OBJC_MSGSEND = YES;
				ENABLE_TESTABILITY = YES;
				GCC_C_LANGUAGE_STANDARD = gnu11;
				GCC_DYNAMIC_NO_PIC = NO;
				GCC_NO_COMMON_BLOCKS = YES;
				GCC_OPTIMIZATION_LEVEL = 0;
				GCC_PREPROCESSOR_DEFINITIONS = (
					"DEBUG=1",
					"$(inherited)",
				);
				GCC_WARN_64_TO_32_BIT_CONVERSION = YES;
				GCC_WARN_ABOUT_RETURN_TYPE = YES_ERROR;
				GCC_WARN_UNDECLARED_SELECTOR = YES;
				GCC_WARN_UNINITIALIZED_AUTOS = YES_AGGRESSIVE;
				GCC_WARN_UNUSED_FUNCTION = YES;
				GCC_WARN_UNUSED_VARIABLE = YES;
				IPHONEOS_DEPLOYMENT_TARGET = 13.4;
				MTL_ENABLE_DEBUG_INFO = INCLUDE_SOURCE;
				MTL_FAST_MATH = YES;
				ONLY_ACTIVE_ARCH = YES;
				SDKROOT = iphoneos;
				SWIFT_ACTIVE_COMPILATION_CONDITIONS = DEBUG;
				SWIFT_OPTIMIZATION_LEVEL = "-Onone";
			};
			name = Debug;
		};
		EFA2490E2466FBEA00E86AE9 /* Release */ = {
			isa = XCBuildConfiguration;
			buildSettings = {
				ALWAYS_SEARCH_USER_PATHS = NO;
				CLANG_ANALYZER_NONNULL = YES;
				CLANG_ANALYZER_NUMBER_OBJECT_CONVERSION = YES_AGGRESSIVE;
				CLANG_CXX_LANGUAGE_STANDARD = "gnu++14";
				CLANG_CXX_LIBRARY = "libc++";
				CLANG_ENABLE_MODULES = YES;
				CLANG_ENABLE_OBJC_ARC = YES;
				CLANG_ENABLE_OBJC_WEAK = YES;
				CLANG_WARN_BLOCK_CAPTURE_AUTORELEASING = YES;
				CLANG_WARN_BOOL_CONVERSION = YES;
				CLANG_WARN_COMMA = YES;
				CLANG_WARN_CONSTANT_CONVERSION = YES;
				CLANG_WARN_DEPRECATED_OBJC_IMPLEMENTATIONS = YES;
				CLANG_WARN_DIRECT_OBJC_ISA_USAGE = YES_ERROR;
				CLANG_WARN_DOCUMENTATION_COMMENTS = YES;
				CLANG_WARN_EMPTY_BODY = YES;
				CLANG_WARN_ENUM_CONVERSION = YES;
				CLANG_WARN_INFINITE_RECURSION = YES;
				CLANG_WARN_INT_CONVERSION = YES;
				CLANG_WARN_NON_LITERAL_NULL_CONVERSION = YES;
				CLANG_WARN_OBJC_IMPLICIT_RETAIN_SELF = YES;
				CLANG_WARN_OBJC_LITERAL_CONVERSION = YES;
				CLANG_WARN_OBJC_ROOT_CLASS = YES_ERROR;
				CLANG_WARN_RANGE_LOOP_ANALYSIS = YES;
				CLANG_WARN_STRICT_PROTOTYPES = YES;
				CLANG_WARN_SUSPICIOUS_MOVE = YES;
				CLANG_WARN_UNGUARDED_AVAILABILITY = YES_AGGRESSIVE;
				CLANG_WARN_UNREACHABLE_CODE = YES;
				CLANG_WARN__DUPLICATE_METHOD_MATCH = YES;
				COPY_PHASE_STRIP = NO;
				DEBUG_INFORMATION_FORMAT = "dwarf-with-dsym";
				ENABLE_NS_ASSERTIONS = NO;
				ENABLE_STRICT_OBJC_MSGSEND = YES;
				GCC_C_LANGUAGE_STANDARD = gnu11;
				GCC_NO_COMMON_BLOCKS = YES;
				GCC_WARN_64_TO_32_BIT_CONVERSION = YES;
				GCC_WARN_ABOUT_RETURN_TYPE = YES_ERROR;
				GCC_WARN_UNDECLARED_SELECTOR = YES;
				GCC_WARN_UNINITIALIZED_AUTOS = YES_AGGRESSIVE;
				GCC_WARN_UNUSED_FUNCTION = YES;
				GCC_WARN_UNUSED_VARIABLE = YES;
				IPHONEOS_DEPLOYMENT_TARGET = 13.4;
				MTL_ENABLE_DEBUG_INFO = NO;
				MTL_FAST_MATH = YES;
				SDKROOT = iphoneos;
				SWIFT_COMPILATION_MODE = wholemodule;
				SWIFT_OPTIMIZATION_LEVEL = "-O";
				VALIDATE_PRODUCT = YES;
			};
			name = Release;
		};
		EFA249102466FBEA00E86AE9 /* Debug */ = {
			isa = XCBuildConfiguration;
			buildSettings = {
				ASSETCATALOG_COMPILER_APPICON_NAME = AppIcon;
				CODE_SIGN_STYLE = Automatic;
				DEVELOPMENT_ASSET_PATHS = "\"khatma/Preview Content\"";
				DEVELOPMENT_TEAM = 7K3JE8ZT37;
				ENABLE_PREVIEWS = YES;
				INFOPLIST_FILE = khatma/Info.plist;
				LD_RUNPATH_SEARCH_PATHS = (
					"$(inherited)",
					"@executable_path/Frameworks",
				);
				PRODUCT_BUNDLE_IDENTIFIER = com.BaderAlsabah.khatma;
				PRODUCT_NAME = "$(TARGET_NAME)";
				SWIFT_VERSION = 5.0;
				TARGETED_DEVICE_FAMILY = "1,2";
			};
			name = Debug;
		};
		EFA249112466FBEA00E86AE9 /* Release */ = {
			isa = XCBuildConfiguration;
			buildSettings = {
				ASSETCATALOG_COMPILER_APPICON_NAME = AppIcon;
				CODE_SIGN_STYLE = Automatic;
				DEVELOPMENT_ASSET_PATHS = "\"khatma/Preview Content\"";
				DEVELOPMENT_TEAM = 7K3JE8ZT37;
				ENABLE_PREVIEWS = YES;
				INFOPLIST_FILE = khatma/Info.plist;
				LD_RUNPATH_SEARCH_PATHS = (
					"$(inherited)",
					"@executable_path/Frameworks",
				);
				PRODUCT_BUNDLE_IDENTIFIER = com.BaderAlsabah.khatma;
				PRODUCT_NAME = "$(TARGET_NAME)";
				SWIFT_VERSION = 5.0;
				TARGETED_DEVICE_FAMILY = "1,2";
			};
			name = Release;
		};
/* End XCBuildConfiguration section */

/* Begin XCConfigurationList section */
		EFA248F62466FBE900E86AE9 /* Build configuration list for PBXProject "khatma" */ = {
			isa = XCConfigurationList;
			buildConfigurations = (
				EFA2490D2466FBEA00E86AE9 /* Debug */,
				EFA2490E2466FBEA00E86AE9 /* Release */,
			);
			defaultConfigurationIsVisible = 0;
			defaultConfigurationName = Release;
		};
		EFA2490F2466FBEA00E86AE9 /* Build configuration list for PBXNativeTarget "khatma" */ = {
			isa = XCConfigurationList;
			buildConfigurations = (
				EFA249102466FBEA00E86AE9 /* Debug */,
				EFA249112466FBEA00E86AE9 /* Release */,
			);
			defaultConfigurationIsVisible = 0;
			defaultConfigurationName = Release;
		};
/* End XCConfigurationList section */
	};
	rootObject = EFA248F32466FBE900E86AE9 /* Project object */;
}
